// !$*UTF8*$!
{
	archiveVersion = 1;
	classes = {
	};
	objectVersion = 55;
	objects = {

/* Begin PBXBuildFile section */
		612541EB2834DC2900D1D60F /* iFriendApp.swift in Sources */ = {isa = PBXBuildFile; fileRef = 612541EA2834DC2900D1D60F /* iFriendApp.swift */; };
		612541ED2834DC2900D1D60F /* MainView.swift in Sources */ = {isa = PBXBuildFile; fileRef = 612541EC2834DC2900D1D60F /* MainView.swift */; };
		612541EF2834DC2A00D1D60F /* Assets.xcassets in Resources */ = {isa = PBXBuildFile; fileRef = 612541EE2834DC2A00D1D60F /* Assets.xcassets */; };
		612541F22834DC2A00D1D60F /* Preview Assets.xcassets in Resources */ = {isa = PBXBuildFile; fileRef = 612541F12834DC2A00D1D60F /* Preview Assets.xcassets */; };
		612541F92834DC7A00D1D60F /* friends.json in Resources */ = {isa = PBXBuildFile; fileRef = 612541F82834DC7A00D1D60F /* friends.json */; };
		612541FB2834DCA700D1D60F /* UserListView.swift in Sources */ = {isa = PBXBuildFile; fileRef = 612541FA2834DCA700D1D60F /* UserListView.swift */; };
		612541FD2834DCF300D1D60F /* User.swift in Sources */ = {isa = PBXBuildFile; fileRef = 612541FC2834DCF300D1D60F /* User.swift */; };
		612542032834F50100D1D60F /* DataHandler.swift in Sources */ = {isa = PBXBuildFile; fileRef = 612542022834F50100D1D60F /* DataHandler.swift */; };
		612542052835081300D1D60F /* Friend.swift in Sources */ = {isa = PBXBuildFile; fileRef = 612542042835081300D1D60F /* Friend.swift */; };
		6125420728350E9E00D1D60F /* UserDetailView.swift in Sources */ = {isa = PBXBuildFile; fileRef = 6125420628350E9E00D1D60F /* UserDetailView.swift */; };
/* End PBXBuildFile section */

/* Begin PBXFileReference section */
		612541E72834DC2900D1D60F /* iFriend.app */ = {isa = PBXFileReference; explicitFileType = wrapper.application; includeInIndex = 0; path = iFriend.app; sourceTree = BUILT_PRODUCTS_DIR; };
		612541EA2834DC2900D1D60F /* iFriendApp.swift */ = {isa = PBXFileReference; lastKnownFileType = sourcecode.swift; path = iFriendApp.swift; sourceTree = "<group>"; };
		612541EC2834DC2900D1D60F /* MainView.swift */ = {isa = PBXFileReference; lastKnownFileType = sourcecode.swift; path = MainView.swift; sourceTree = "<group>"; };
		612541EE2834DC2A00D1D60F /* Assets.xcassets */ = {isa = PBXFileReference; lastKnownFileType = folder.assetcatalog; path = Assets.xcassets; sourceTree = "<group>"; };
		612541F12834DC2A00D1D60F /* Preview Assets.xcassets */ = {isa = PBXFileReference; lastKnownFileType = folder.assetcatalog; path = "Preview Assets.xcassets"; sourceTree = "<group>"; };
		612541F82834DC7A00D1D60F /* friends.json */ = {isa = PBXFileReference; fileEncoding = 4; lastKnownFileType = text.json; path = friends.json; sourceTree = "<group>"; };
		612541FA2834DCA700D1D60F /* UserListView.swift */ = {isa = PBXFileReference; lastKnownFileType = sourcecode.swift; path = UserListView.swift; sourceTree = "<group>"; };
		612541FC2834DCF300D1D60F /* User.swift */ = {isa = PBXFileReference; lastKnownFileType = sourcecode.swift; path = User.swift; sourceTree = "<group>"; };
		612542022834F50100D1D60F /* DataHandler.swift */ = {isa = PBXFileReference; lastKnownFileType = sourcecode.swift; path = DataHandler.swift; sourceTree = "<group>"; };
		612542042835081300D1D60F /* Friend.swift */ = {isa = PBXFileReference; lastKnownFileType = sourcecode.swift; path = Friend.swift; sourceTree = "<group>"; };
		6125420628350E9E00D1D60F /* UserDetailView.swift */ = {isa = PBXFileReference; lastKnownFileType = sourcecode.swift; path = UserDetailView.swift; sourceTree = "<group>"; };
/* End PBXFileReference section */

/* Begin PBXFrameworksBuildPhase section */
		612541E42834DC2900D1D60F /* Frameworks */ = {
			isa = PBXFrameworksBuildPhase;
			buildActionMask = 2147483647;
			files = (
			);
			runOnlyForDeploymentPostprocessing = 0;
		};
/* End PBXFrameworksBuildPhase section */

/* Begin PBXGroup section */
		612541DE2834DC2900D1D60F = {
			isa = PBXGroup;
			children = (
				612541E92834DC2900D1D60F /* iFriend */,
				612541E82834DC2900D1D60F /* Products */,
			);
			sourceTree = "<group>";
		};
		612541E82834DC2900D1D60F /* Products */ = {
			isa = PBXGroup;
			children = (
				612541E72834DC2900D1D60F /* iFriend.app */,
			);
			name = Products;
			sourceTree = "<group>";
		};
		612541E92834DC2900D1D60F /* iFriend */ = {
			isa = PBXGroup;
			children = (
				612541EA2834DC2900D1D60F /* iFriendApp.swift */,
				612541FE2834DD7100D1D60F /* Model */,
				6125420928375F6000D1D60F /* Components */,
				612542082835142A00D1D60F /* View */,
				612541EE2834DC2A00D1D60F /* Assets.xcassets */,
				612541F02834DC2A00D1D60F /* Preview Content */,
				612541FF2834DF6C00D1D60F /* Data */,
			);
			path = iFriend;
			sourceTree = "<group>";
		};
		612541F02834DC2A00D1D60F /* Preview Content */ = {
			isa = PBXGroup;
			children = (
				612541F12834DC2A00D1D60F /* Preview Assets.xcassets */,
			);
			path = "Preview Content";
			sourceTree = "<group>";
		};
		612541FE2834DD7100D1D60F /* Model */ = {
			isa = PBXGroup;
			children = (
				612542022834F50100D1D60F /* DataHandler.swift */,
				612541FC2834DCF300D1D60F /* User.swift */,
				612542042835081300D1D60F /* Friend.swift */,
			);
			path = Model;
			sourceTree = "<group>";
		};
		612541FF2834DF6C00D1D60F /* Data */ = {
			isa = PBXGroup;
			children = (
				612541F82834DC7A00D1D60F /* friends.json */,
			);
			path = Data;
			sourceTree = "<group>";
		};
		612542082835142A00D1D60F /* View */ = {
			isa = PBXGroup;
			children = (
				612541EC2834DC2900D1D60F /* MainView.swift */,
				612541FA2834DCA700D1D60F /* UserListView.swift */,
				6125420628350E9E00D1D60F /* UserDetailView.swift */,
			);
			path = View;
			sourceTree = "<group>";
		};
		6125420928375F6000D1D60F /* Components */ = {
			isa = PBXGroup;
			children = (
			);
			path = Components;
			sourceTree = "<group>";
		};
/* End PBXGroup section */

/* Begin PBXNativeTarget section */
		612541E62834DC2900D1D60F /* iFriend */ = {
			isa = PBXNativeTarget;
			buildConfigurationList = 612541F52834DC2A00D1D60F /* Build configuration list for PBXNativeTarget "iFriend" */;
			buildPhases = (
				612541E32834DC2900D1D60F /* Sources */,
				612541E42834DC2900D1D60F /* Frameworks */,
				612541E52834DC2900D1D60F /* Resources */,
			);
			buildRules = (
			);
			dependencies = (
			);
			name = iFriend;
			productName = iFriend;
			productReference = 612541E72834DC2900D1D60F /* iFriend.app */;
			productType = "com.apple.product-type.application";
		};
/* End PBXNativeTarget section */

/* Begin PBXProject section */
		612541DF2834DC2900D1D60F /* Project object */ = {
			isa = PBXProject;
			attributes = {
				BuildIndependentTargetsInParallel = 1;
				LastSwiftUpdateCheck = 1330;
				LastUpgradeCheck = 1330;
				TargetAttributes = {
					612541E62834DC2900D1D60F = {
						CreatedOnToolsVersion = 13.3.1;
					};
				};
			};
			buildConfigurationList = 612541E22834DC2900D1D60F /* Build configuration list for PBXProject "iFriend" */;
			compatibilityVersion = "Xcode 13.0";
			developmentRegion = en;
			hasScannedForEncodings = 0;
			knownRegions = (
				en,
				Base,
			);
			mainGroup = 612541DE2834DC2900D1D60F;
			productRefGroup = 612541E82834DC2900D1D60F /* Products */;
			projectDirPath = "";
			projectRoot = "";
			targets = (
				612541E62834DC2900D1D60F /* iFriend */,
			);
		};
/* End PBXProject section */

/* Begin PBXResourcesBuildPhase section */
		612541E52834DC2900D1D60F /* Resources */ = {
			isa = PBXResourcesBuildPhase;
			buildActionMask = 2147483647;
			files = (
				612541F22834DC2A00D1D60F /* Preview Assets.xcassets in Resources */,
				612541EF2834DC2A00D1D60F /* Assets.xcassets in Resources */,
				612541F92834DC7A00D1D60F /* friends.json in Resources */,
			);
			runOnlyForDeploymentPostprocessing = 0;
		};
/* End PBXResourcesBuildPhase section */

/* Begin PBXSourcesBuildPhase section */
		612541E32834DC2900D1D60F /* Sources */ = {
			isa = PBXSourcesBuildPhase;
			buildActionMask = 2147483647;
			files = (
				612541ED2834DC2900D1D60F /* MainView.swift in Sources */,
				612542052835081300D1D60F /* Friend.swift in Sources */,
				612541EB2834DC2900D1D60F /* iFriendApp.swift in Sources */,
				612541FB2834DCA700D1D60F /* UserListView.swift in Sources */,
				6125420728350E9E00D1D60F /* UserDetailView.swift in Sources */,
				612541FD2834DCF300D1D60F /* User.swift in Sources */,
				612542032834F50100D1D60F /* DataHandler.swift in Sources */,
			);
			runOnlyForDeploymentPostprocessing = 0;
		};
/* End PBXSourcesBuildPhase section */

/* Begin XCBuildConfiguration section */
		612541F32834DC2A00D1D60F /* Debug */ = {
			isa = XCBuildConfiguration;
			buildSettings = {
				ALWAYS_SEARCH_USER_PATHS = NO;
				CLANG_ANALYZER_NONNULL = YES;
				CLANG_ANALYZER_NUMBER_OBJECT_CONVERSION = YES_AGGRESSIVE;
				CLANG_CXX_LANGUAGE_STANDARD = "gnu++17";
				CLANG_ENABLE_MODULES = YES;
				CLANG_ENABLE_OBJC_ARC = YES;
				CLANG_ENABLE_OBJC_WEAK = YES;
				CLANG_WARN_BLOCK_CAPTURE_AUTORELEASING = YES;
				CLANG_WARN_BOOL_CONVERSION = YES;
				CLANG_WARN_COMMA = YES;
				CLANG_WARN_CONSTANT_CONVERSION = YES;
				CLANG_WARN_DEPRECATED_OBJC_IMPLEMENTATIONS = YES;
				CLANG_WARN_DIRECT_OBJC_ISA_USAGE = YES_ERROR;
				CLANG_WARN_DOCUMENTATION_COMMENTS = YES;
				CLANG_WARN_EMPTY_BODY = YES;
				CLANG_WARN_ENUM_CONVERSION = YES;
				CLANG_WARN_INFINITE_RECURSION = YES;
				CLANG_WARN_INT_CONVERSION = YES;
				CLANG_WARN_NON_LITERAL_NULL_CONVERSION = YES;
				CLANG_WARN_OBJC_IMPLICIT_RETAIN_SELF = YES;
				CLANG_WARN_OBJC_LITERAL_CONVERSION = YES;
				CLANG_WARN_OBJC_ROOT_CLASS = YES_ERROR;
				CLANG_WARN_QUOTED_INCLUDE_IN_FRAMEWORK_HEADER = YES;
				CLANG_WARN_RANGE_LOOP_ANALYSIS = YES;
				CLANG_WARN_STRICT_PROTOTYPES = YES;
				CLANG_WARN_SUSPICIOUS_MOVE = YES;
				CLANG_WARN_UNGUARDED_AVAILABILITY = YES_AGGRESSIVE;
				CLANG_WARN_UNREACHABLE_CODE = YES;
				CLANG_WARN__DUPLICATE_METHOD_MATCH = YES;
				COPY_PHASE_STRIP = NO;
				DEBUG_INFORMATION_FORMAT = dwarf;
				ENABLE_STRICT_OBJC_MSGSEND = YES;
				ENABLE_TESTABILITY = YES;
				GCC_C_LANGUAGE_STANDARD = gnu11;
				GCC_DYNAMIC_NO_PIC = NO;
				GCC_NO_COMMON_BLOCKS = YES;
				GCC_OPTIMIZATION_LEVEL = 0;
				GCC_PREPROCESSOR_DEFINITIONS = (
					"DEBUG=1",
					"$(inherited)",
				);
				GCC_WARN_64_TO_32_BIT_CONVERSION = YES;
				GCC_WARN_ABOUT_RETURN_TYPE = YES_ERROR;
				GCC_WARN_UNDECLARED_SELECTOR = YES;
				GCC_WARN_UNINITIALIZED_AUTOS = YES_AGGRESSIVE;
				GCC_WARN_UNUSED_FUNCTION = YES;
				GCC_WARN_UNUSED_VARIABLE = YES;
				IPHONEOS_DEPLOYMENT_TARGET = 15.4;
				MTL_ENABLE_DEBUG_INFO = INCLUDE_SOURCE;
				MTL_FAST_MATH = YES;
				ONLY_ACTIVE_ARCH = YES;
				SDKROOT = iphoneos;
				SWIFT_ACTIVE_COMPILATION_CONDITIONS = DEBUG;
				SWIFT_OPTIMIZATION_LEVEL = "-Onone";
			};
			name = Debug;
		};
		612541F42834DC2A00D1D60F /* Release */ = {
			isa = XCBuildConfiguration;
			buildSettings = {
				ALWAYS_SEARCH_USER_PATHS = NO;
				CLANG_ANALYZER_NONNULL = YES;
				CLANG_ANALYZER_NUMBER_OBJECT_CONVERSION = YES_AGGRESSIVE;
				CLANG_CXX_LANGUAGE_STANDARD = "gnu++17";
				CLANG_ENABLE_MODULES = YES;
				CLANG_ENABLE_OBJC_ARC = YES;
				CLANG_ENABLE_OBJC_WEAK = YES;
				CLANG_WARN_BLOCK_CAPTURE_AUTORELEASING = YES;
				CLANG_WARN_BOOL_CONVERSION = YES;
				CLANG_WARN_COMMA = YES;
				CLANG_WARN_CONSTANT_CONVERSION = YES;
				CLANG_WARN_DEPRECATED_OBJC_IMPLEMENTATIONS = YES;
				CLANG_WARN_DIRECT_OBJC_ISA_USAGE = YES_ERROR;
				CLANG_WARN_DOCUMENTATION_COMMENTS = YES;
				CLANG_WARN_EMPTY_BODY = YES;
				CLANG_WARN_ENUM_CONVERSION = YES;
				CLANG_WARN_INFINITE_RECURSION = YES;
				CLANG_WARN_INT_CONVERSION = YES;
				CLANG_WARN_NON_LITERAL_NULL_CONVERSION = YES;
				CLANG_WARN_OBJC_IMPLICIT_RETAIN_SELF = YES;
				CLANG_WARN_OBJC_LITERAL_CONVERSION = YES;
				CLANG_WARN_OBJC_ROOT_CLASS = YES_ERROR;
				CLANG_WARN_QUOTED_INCLUDE_IN_FRAMEWORK_HEADER = YES;
				CLANG_WARN_RANGE_LOOP_ANALYSIS = YES;
				CLANG_WARN_STRICT_PROTOTYPES = YES;
				CLANG_WARN_SUSPICIOUS_MOVE = YES;
				CLANG_WARN_UNGUARDED_AVAILABILITY = YES_AGGRESSIVE;
				CLANG_WARN_UNREACHABLE_CODE = YES;
				CLANG_WARN__DUPLICATE_METHOD_MATCH = YES;
				COPY_PHASE_STRIP = NO;
				DEBUG_INFORMATION_FORMAT = "dwarf-with-dsym";
				ENABLE_NS_ASSERTIONS = NO;
				ENABLE_STRICT_OBJC_MSGSEND = YES;
				GCC_C_LANGUAGE_STANDARD = gnu11;
				GCC_NO_COMMON_BLOCKS = YES;
				GCC_WARN_64_TO_32_BIT_CONVERSION = YES;
				GCC_WARN_ABOUT_RETURN_TYPE = YES_ERROR;
				GCC_WARN_UNDECLARED_SELECTOR = YES;
				GCC_WARN_UNINITIALIZED_AUTOS = YES_AGGRESSIVE;
				GCC_WARN_UNUSED_FUNCTION = YES;
				GCC_WARN_UNUSED_VARIABLE = YES;
				IPHONEOS_DEPLOYMENT_TARGET = 15.4;
				MTL_ENABLE_DEBUG_INFO = NO;
				MTL_FAST_MATH = YES;
				SDKROOT = iphoneos;
				SWIFT_COMPILATION_MODE = wholemodule;
				SWIFT_OPTIMIZATION_LEVEL = "-O";
				VALIDATE_PRODUCT = YES;
			};
			name = Release;
		};
		612541F62834DC2A00D1D60F /* Debug */ = {
			isa = XCBuildConfiguration;
			buildSettings = {
				ASSETCATALOG_COMPILER_APPICON_NAME = AppIcon;
				ASSETCATALOG_COMPILER_GLOBAL_ACCENT_COLOR_NAME = AccentColor;
				CODE_SIGN_STYLE = Automatic;
				CURRENT_PROJECT_VERSION = 1;
				DEVELOPMENT_ASSET_PATHS = "\"iFriend/Preview Content\"";
				DEVELOPMENT_TEAM = US3YNCLNND;
				ENABLE_PREVIEWS = YES;
				GENERATE_INFOPLIST_FILE = YES;
				INFOPLIST_KEY_UIApplicationSceneManifest_Generation = YES;
				INFOPLIST_KEY_UIApplicationSupportsIndirectInputEvents = YES;
				INFOPLIST_KEY_UILaunchScreen_Generation = YES;
				INFOPLIST_KEY_UISupportedInterfaceOrientations_iPad = "UIInterfaceOrientationPortrait UIInterfaceOrientationPortraitUpsideDown UIInterfaceOrientationLandscapeLeft UIInterfaceOrientationLandscapeRight";
				INFOPLIST_KEY_UISupportedInterfaceOrientations_iPhone = "UIInterfaceOrientationPortrait UIInterfaceOrientationLandscapeLeft UIInterfaceOrientationLandscapeRight";
				LD_RUNPATH_SEARCH_PATHS = (
					"$(inherited)",
					"@executable_path/Frameworks",
				);
				MARKETING_VERSION = 1.0;
				PRODUCT_BUNDLE_IDENTIFIER = com.lucaschae.iFriend;
				PRODUCT_NAME = "$(TARGET_NAME)";
				SWIFT_EMIT_LOC_STRINGS = YES;
				SWIFT_VERSION = 5.0;
				TARGETED_DEVICE_FAMILY = "1,2";
			};
			name = Debug;
		};
		612541F72834DC2A00D1D60F /* Release */ = {
			isa = XCBuildConfiguration;
			buildSettings = {
				ASSETCATALOG_COMPILER_APPICON_NAME = AppIcon;
				ASSETCATALOG_COMPILER_GLOBAL_ACCENT_COLOR_NAME = AccentColor;
				CODE_SIGN_STYLE = Automatic;
				CURRENT_PROJECT_VERSION = 1;
				DEVELOPMENT_ASSET_PATHS = "\"iFriend/Preview Content\"";
				DEVELOPMENT_TEAM = US3YNCLNND;
				ENABLE_PREVIEWS = YES;
				GENERATE_INFOPLIST_FILE = YES;
				INFOPLIST_KEY_UIApplicationSceneManifest_Generation = YES;
				INFOPLIST_KEY_UIApplicationSupportsIndirectInputEvents = YES;
				INFOPLIST_KEY_UILaunchScreen_Generation = YES;
				INFOPLIST_KEY_UISupportedInterfaceOrientations_iPad = "UIInterfaceOrientationPortrait UIInterfaceOrientationPortraitUpsideDown UIInterfaceOrientationLandscapeLeft UIInterfaceOrientationLandscapeRight";
				INFOPLIST_KEY_UISupportedInterfaceOrientations_iPhone = "UIInterfaceOrientationPortrait UIInterfaceOrientationLandscapeLeft UIInterfaceOrientationLandscapeRight";
				LD_RUNPATH_SEARCH_PATHS = (
					"$(inherited)",
					"@executable_path/Frameworks",
				);
				MARKETING_VERSION = 1.0;
				PRODUCT_BUNDLE_IDENTIFIER = com.lucaschae.iFriend;
				PRODUCT_NAME = "$(TARGET_NAME)";
				SWIFT_EMIT_LOC_STRINGS = YES;
				SWIFT_VERSION = 5.0;
				TARGETED_DEVICE_FAMILY = "1,2";
			};
			name = Release;
		};
/* End XCBuildConfiguration section */

/* Begin XCConfigurationList section */
		612541E22834DC2900D1D60F /* Build configuration list for PBXProject "iFriend" */ = {
			isa = XCConfigurationList;
			buildConfigurations = (
				612541F32834DC2A00D1D60F /* Debug */,
				612541F42834DC2A00D1D60F /* Release */,
			);
			defaultConfigurationIsVisible = 0;
			defaultConfigurationName = Release;
		};
		612541F52834DC2A00D1D60F /* Build configuration list for PBXNativeTarget "iFriend" */ = {
			isa = XCConfigurationList;
			buildConfigurations = (
				612541F62834DC2A00D1D60F /* Debug */,
				612541F72834DC2A00D1D60F /* Release */,
			);
			defaultConfigurationIsVisible = 0;
			defaultConfigurationName = Release;
		};
/* End XCConfigurationList section */
	};
	rootObject = 612541DF2834DC2900D1D60F /* Project object */;
}
